
Microsoft Visual Studio Solution File, Format Version 12.00
# Visual Studio Version 16
VisualStudioVersion = 16.0.30517.126
MinimumVisualStudioVersion = 10.0.40219.1
Project("{9A19103F-16F7-4668-BE54-9A1E7A4F7556}") = "Mailer", "Mailer\Mailer.csproj", "{F7ADD423-510F-4A16-B836-12BA41D460EC}"
EndProject
Project("{9A19103F-16F7-4668-BE54-9A1E7A4F7556}") = "forTesting", "forTesting\forTesting.csproj", "{82D5C5B1-C114-4641-A789-A355F561026F}"
EndProject
Project("{2150E333-8FDC-42A3-9474-1A3956D46DE8}") = "Tests", "Tests", "{7BA91F26-F8B6-47ED-96F3-6F5B77111AD2}"
EndProject
Project("{9A19103F-16F7-4668-BE54-9A1E7A4F7556}") = "Mailer.lib", "Mailer.lib\Mailer.lib.csproj", "{9933F65A-FF95-42B7-A892-505CF52C2B1D}"
EndProject
Project("{FAE04EC0-301F-11D3-BF4B-00C04F79EFBC}") = "testWPF", "testWPF\testWPF.csproj", "{84BC93F4-A322-427A-A7FA-A275C6A87C9D}"
EndProject
Global
	GlobalSection(SolutionConfigurationPlatforms) = preSolution
		Debug|Any CPU = Debug|Any CPU
		Release|Any CPU = Release|Any CPU
	EndGlobalSection
	GlobalSection(ProjectConfigurationPlatforms) = postSolution
		{F7ADD423-510F-4A16-B836-12BA41D460EC}.Debug|Any CPU.ActiveCfg = Debug|Any CPU
		{F7ADD423-510F-4A16-B836-12BA41D460EC}.Debug|Any CPU.Build.0 = Debug|Any CPU
		{F7ADD423-510F-4A16-B836-12BA41D460EC}.Release|Any CPU.ActiveCfg = Release|Any CPU
		{F7ADD423-510F-4A16-B836-12BA41D460EC}.Release|Any CPU.Build.0 = Release|Any CPU
		{82D5C5B1-C114-4641-A789-A355F561026F}.Debug|Any CPU.ActiveCfg = Debug|Any CPU
		{82D5C5B1-C114-4641-A789-A355F561026F}.Debug|Any CPU.Build.0 = Debug|Any CPU
		{82D5C5B1-C114-4641-A789-A355F561026F}.Release|Any CPU.ActiveCfg = Release|Any CPU
		{82D5C5B1-C114-4641-A789-A355F561026F}.Release|Any CPU.Build.0 = Release|Any CPU
		{9933F65A-FF95-42B7-A892-505CF52C2B1D}.Debug|Any CPU.ActiveCfg = Debug|Any CPU
		{9933F65A-FF95-42B7-A892-505CF52C2B1D}.Debug|Any CPU.Build.0 = Debug|Any CPU
		{9933F65A-FF95-42B7-A892-505CF52C2B1D}.Release|Any CPU.ActiveCfg = Release|Any CPU
		{9933F65A-FF95-42B7-A892-505CF52C2B1D}.Release|Any CPU.Build.0 = Release|Any CPU
		{84BC93F4-A322-427A-A7FA-A275C6A87C9D}.Debug|Any CPU.ActiveCfg = Debug|Any CPU
		{84BC93F4-A322-427A-A7FA-A275C6A87C9D}.Debug|Any CPU.Build.0 = Debug|Any CPU
		{84BC93F4-A322-427A-A7FA-A275C6A87C9D}.Release|Any CPU.ActiveCfg = Release|Any CPU
		{84BC93F4-A322-427A-A7FA-A275C6A87C9D}.Release|Any CPU.Build.0 = Release|Any CPU
	EndGlobalSection
	GlobalSection(SolutionProperties) = preSolution
		HideSolutionNode = FALSE
	EndGlobalSection
	GlobalSection(NestedProjects) = preSolution
		{82D5C5B1-C114-4641-A789-A355F561026F} = {7BA91F26-F8B6-47ED-96F3-6F5B77111AD2}
	EndGlobalSection
	GlobalSection(ExtensibilityGlobals) = postSolution
		SolutionGuid = {ED973BFC-9E6A-434B-83E8-5275DC2F7616}
	EndGlobalSection
EndGlobal
